hash: 2a23b1cfb734d86f9d83e80df4c480630c6c808cd88e17e99561948865b47228
updated: 2018-08-27T12:23:41.469327551+06:00
imports:
- name: cloud.google.com/go
  version: fe3d41e1ecb2ce36ad3a979037c9b9a2b726226f
  subpackages:
  - compute/metadata
  - internal
- name: github.com/appscode/envconfig
  version: 09c0a7bfb6f4cb9b389b43db56d5e9e4d9c4752d
- name: github.com/appscode/go
  version: df3c57fca2bef0e5b7fd085507deb20f18c790df
  subpackages:
  - strings
- name: github.com/aws/aws-sdk-go
  version: 760741802ad40f49ae9fc4a69ef6706d2527d62e
  subpackages:
  - aws
  - aws/awserr
  - aws/awsutil
  - aws/client
  - aws/client/metadata
  - aws/corehandlers
  - aws/credentials
  - aws/credentials/ec2rolecreds
  - aws/credentials/endpointcreds
  - aws/credentials/stscreds
  - aws/defaults
  - aws/ec2metadata
  - aws/endpoints
  - aws/request
  - aws/session
  - aws/signer/v4
  - internal/shareddefaults
  - private/protocol
  - private/protocol/query
  - private/protocol/query/queryutil
  - private/protocol/rest
  - private/protocol/restxml
  - private/protocol/xml/xmlutil
  - service/route53
  - service/sts
- name: github.com/Azure/azure-sdk-for-go
  version: 56a0b1d2af3b65d5f1f7a330e02faaf48b473c5a
  subpackages:
  - services/dns/mgmt/2017-09-01/dns
  - version
- name: github.com/Azure/go-autorest
  version: 1ff28809256a84bb6966640ff3d0371af82ccba4
  subpackages:
  - autorest
  - autorest/adal
  - autorest/azure
  - autorest/date
  - autorest/to
- name: github.com/cloudflare/cloudflare-go
  version: 73188131583704facec77adbb1e666a7917f973c
- name: github.com/dgrijalva/jwt-go
  version: 01aeca54ebda6e0fbfafd0a524d234159c05ec20
- name: github.com/digitalocean/godo
  version: 4fa9e9d999007b447089056a1c581b5594f0f851
  subpackages:
  - context
- name: github.com/go-ini/ini
  version: 300e940a926eb277d3901b20bdfcc54928ad3642
- name: github.com/go-resty/resty
  version: 383acc8a8b687098ee02168c0335a43dfee701f0
- name: github.com/golang/protobuf
  version: b4deda0973fb4c70b50d226b1af49f3da59f5265
  subpackages:
  - proto
- name: github.com/google/go-querystring
  version: 53e6ce116135b80d037921a7fdd5138cf32d7a8a
  subpackages:
  - query
- name: github.com/JamesClonk/vultr
  version: 267be0d362b67d505ee045d54185b31673b206c1
  subpackages:
  - lib
- name: github.com/jmespath/go-jmespath
  version: 0b12d6b521d83fc7f755e7cfc1b1fbdd35a01a74
- name: github.com/juju/ratelimit
  version: 77ed1c8a01217656d2080ad51981f6e99adaa177
- name: github.com/kelseyhightower/envconfig
  version: f611eb38b3875cc3bd991ca91c51d06446afa14c
- name: github.com/linode/linodego
  version: 7edbc87f0140b7561dbc20458877a56bdded5eb8
- name: github.com/miekg/dns
  version: e57bf427e68187a27e22adceac868350d7a7079b
- name: github.com/pkg/errors
  version: 645ef00459ed84a119197bfb8d8205042c6df63d
- name: github.com/sirupsen/logrus
  version: f006c2ac4710855cf0f916dd6b77acf6b048dc6e
- name: github.com/tent/http-link-go
  version: ac974c61c2f990f4115b119354b5e0b47550e888
- name: github.com/xenolf/lego
  version: 0b6736776fb2f9dbb2bd685fbb4601086a7fd853
  repo: https://github.com/appscode/lego.git
  vcs: git
  subpackages:
  - acme
  - log
- name: golang.org/x/crypto
  version: 614d502a4dac94afa3a6ce146bd1736da82514c6
  subpackages:
  - ed25519
  - ed25519/internal/edwards25519
  - ocsp
- name: golang.org/x/net
  version: 1c05540f6879653db88113bc4a2b70aec4bd491f
  subpackages:
  - bpf
  - context
  - context/ctxhttp
  - internal/iana
  - internal/socket
  - ipv4
  - ipv6
  - publicsuffix
- name: golang.org/x/oauth2
  version: a6bd8cefa1811bd24b86f8902872e4e8225f74c4
  subpackages:
  - google
  - internal
  - jws
  - jwt
- name: google.golang.org/api
  version: 7954115fcf34e0dcda6981c9ed8a81a293f0489b
  subpackages:
  - dns/v1
  - gensupport
  - googleapi
  - googleapi/internal/uritemplates
- name: google.golang.org/appengine
  version: 4f7eeb5305a4ba1966344836ba4af9996b7b4e05
  subpackages:
  - internal
  - internal/app_identity
  - internal/base
  - internal/datastore
  - internal/log
  - internal/modules
  - internal/remote_api
  - internal/urlfetch
  - urlfetch
- name: gopkg.in/square/go-jose.v2
  version: 76dd09796242edb5b897103a75df2645c028c960
  subpackages:
  - cipher
  - json
testImports:
- name: github.com/davecgh/go-spew
  version: 6d212800a42e8ab5c146b8ace3490ee17e5225f9
  subpackages:
  - spew
- name: github.com/pmezard/go-difflib
  version: d8ed2627bdf02c080bf22230dbb337003b7aba2d
  subpackages:
  - difflib
- name: github.com/stretchr/testify
  version: 69483b4bd14f5845b5a1e55bca19e954e827f1d0
  subpackages:
  - assert
