hash: 8122609cb5a91314c9a929d77b360aa4585ffe92dd09a7968346e24aef1c3616
updated: 2017-08-17T01:37:09.995475032-07:00
imports:
- name: cloud.google.com/go
  version: fe3d41e1ecb2ce36ad3a979037c9b9a2b726226f
  subpackages:
  - compute/metadata
  - internal
- name: github.com/appscode/go
  version: 45732d59b2277b9c7ffdc41d2d5c07a899a20a70
  subpackages:
  - strings
- name: github.com/aws/aws-sdk-go
  version: 63ce630574a5ec05ecd8e8de5cea16332a5a684d
  subpackages:
  - aws
  - aws/awserr
  - aws/awsutil
  - aws/client
  - aws/client/metadata
  - aws/corehandlers
  - aws/credentials
  - aws/credentials/ec2rolecreds
  - aws/credentials/endpointcreds
  - aws/credentials/stscreds
  - aws/defaults
  - aws/ec2metadata
  - aws/endpoints
  - aws/request
  - aws/session
  - aws/signer/v4
  - private/protocol
  - private/protocol/query
  - private/protocol/query/queryutil
  - private/protocol/rest
  - private/protocol/restxml
  - private/protocol/xml/xmlutil
  - private/waiter
  - service/route53
  - service/sts
- name: github.com/Azure/azure-sdk-for-go
  version: 2d49bb8f2cee530cc16f1f1a9f0aae763dee257d
  subpackages:
  - arm/dns
- name: github.com/Azure/go-autorest
  version: f6e08fe5e4d45c9a66e40196d3fed5f37331d224
  subpackages:
  - autorest
  - autorest/adal
  - autorest/azure
  - autorest/date
  - autorest/to
- name: github.com/cloudflare/cloudflare-go
  version: ba610b87e64f5e99e8ddd614e50669c66c2ec9b5
- name: github.com/decker502/dnspod-go
  version: f33a2c6040fc2550a631de7b3a53bddccdcd73fb
- name: github.com/dgrijalva/jwt-go
  version: 01aeca54ebda6e0fbfafd0a524d234159c05ec20
- name: github.com/digitalocean/godo
  version: 4fa9e9d999007b447089056a1c581b5594f0f851
  subpackages:
  - context
- name: github.com/edeckers/auroradnsclient
  version: 8b777c170cfd377aa16bb4368f093017dddef3f9
  subpackages:
  - records
  - requests
  - requests/errors
  - tokens
  - zones
- name: github.com/go-ini/ini
  version: 2e44421e256d82ebbf3d4d4fcabe8930b905eff3
- name: github.com/golang/protobuf
  version: 6e4cc92cc905d5f4a73041c1b8228ea08f4c6147
  subpackages:
  - proto
- name: github.com/google/go-querystring
  version: 53e6ce116135b80d037921a7fdd5138cf32d7a8a
  subpackages:
  - query
- name: github.com/JamesClonk/vultr
  version: 2fd0705ce648e602e6c9c57329a174270a4f6688
  subpackages:
  - lib
- name: github.com/jmespath/go-jmespath
  version: 3433f3ea46d9f8019119e7dd41274e112a2359a9
- name: github.com/juju/ratelimit
  version: 77ed1c8a01217656d2080ad51981f6e99adaa177
- name: github.com/kelseyhightower/envconfig
  version: f611eb38b3875cc3bd991ca91c51d06446afa14c
- name: github.com/miekg/dns
  version: 5d001d020961ae1c184f9f8152fdc73810481677
- name: github.com/ovh/go-ovh
  version: d95f6f91b1fb339a53fc438df7289cd85756193b
  subpackages:
  - ovh
- name: github.com/pkg/errors
  version: a22138067af1c4942683050411a841ade67fe1eb
- name: github.com/pyr/egoscale
  version: 6d4bce648770ef59cc1356b9207afaffe93dcb09
  subpackages:
  - src/egoscale
- name: github.com/Sirupsen/logrus
  version: 3ec0642a7fb6488f65b06f9040adc67e3990296a
- name: github.com/tent/http-link-go
  version: ac974c61c2f990f4115b119354b5e0b47550e888
- name: github.com/timewasted/linode
  version: 37e84520dcf74488f67654f9c775b9752c232dc1
  subpackages:
  - dns
- name: github.com/weppos/dnsimple-go
  version: 65c1ca73cb19baf0f8b2b33219b7f57595a3ccb0
  subpackages:
  - dnsimple
- name: github.com/xenolf/lego
  version: 8f574e6ca289b530cd3f266f4aa73c9a1161c48a
  repo: https://github.com/appscode/lego.git
  vcs: git
  subpackages:
  - acme
- name: golang.org/x/crypto
  version: 84e98f45760e87786b7f24603b8166a6fa09811d
  subpackages:
  - ocsp
- name: golang.org/x/net
  version: da118f7b8e5954f39d0d2130ab35d4bf0e3cb344
  subpackages:
  - context
  - context/ctxhttp
  - publicsuffix
- name: golang.org/x/oauth2
  version: 3c3a985cb79f52a3190fbc056984415ca6763d01
  subpackages:
  - google
  - internal
  - jws
  - jwt
- name: golang.org/x/sys
  version: 9bb9f0998d48b31547d975974935ae9b48c7a03c
  subpackages:
  - unix
- name: google.golang.org/api
  version: 55146ba61254fdb1c26d65ff3c04bc1611ad73fb
  subpackages:
  - dns/v1
  - gensupport
  - googleapi
  - googleapi/internal/uritemplates
- name: google.golang.org/appengine
  version: 4f7eeb5305a4ba1966344836ba4af9996b7b4e05
  subpackages:
  - internal
  - internal/app_identity
  - internal/base
  - internal/datastore
  - internal/log
  - internal/modules
  - internal/remote_api
  - internal/urlfetch
  - urlfetch
- name: gopkg.in/ini.v1
  version: 20b96f641a5ea98f2f8619ff4f3e061cff4833bd
- name: gopkg.in/square/go-jose.v1
  version: aa2e30fdd1fe9dd3394119af66451ae790d50e0d
  subpackages:
  - cipher
  - json
testImports:
- name: github.com/davecgh/go-spew
  version: 6d212800a42e8ab5c146b8ace3490ee17e5225f9
  subpackages:
  - spew
- name: github.com/pmezard/go-difflib
  version: d8ed2627bdf02c080bf22230dbb337003b7aba2d
  subpackages:
  - difflib
- name: github.com/stretchr/testify
  version: 69483b4bd14f5845b5a1e55bca19e954e827f1d0
  subpackages:
  - assert
