hash: 2a49ac09e65c454305aceb6cf436d3b695289896da9e1b03fbc96e2fb4d82840
updated: 2016-12-13T22:26:37.902998315-08:00
imports:
- name: cloud.google.com/go
  version: 3b1ae45394a234c385be014e9a488f2bb6eef821
  subpackages:
  - compute/metadata
  - internal
- name: github.com/aws/aws-sdk-go
  version: 1355b456f6ba4a8453249e0dc7743f16ccac362d
  subpackages:
  - aws
  - aws/awserr
  - aws/awsutil
  - aws/client
  - aws/client/metadata
  - aws/corehandlers
  - aws/credentials
  - aws/credentials/ec2rolecreds
  - aws/credentials/endpointcreds
  - aws/credentials/stscreds
  - aws/defaults
  - aws/ec2metadata
  - aws/endpoints
  - aws/request
  - aws/session
  - aws/signer/v4
  - private/protocol
  - private/protocol/query
  - private/protocol/query/queryutil
  - private/protocol/rest
  - private/protocol/restxml
  - private/protocol/xml/xmlutil
  - private/waiter
  - service/route53
  - service/sts
- name: github.com/Azure/azure-sdk-for-go
  version: 0984e0641ae43b89283223034574d6465be93bf4
  subpackages:
  - arm/dns
- name: github.com/Azure/go-autorest
  version: 8a25372bbfec739b8719a9e3987400d15ef9e179
  subpackages:
  - autorest
  - autorest/azure
  - autorest/date
  - autorest/to
  - autorest/validation
- name: github.com/decker502/dnspod-go
  version: f6b1d56f1c048bd94d7e42ac36efb4d57b069b6f
- name: github.com/dgrijalva/jwt-go
  version: 01aeca54ebda6e0fbfafd0a524d234159c05ec20
- name: github.com/edeckers/auroradnsclient
  version: 8b777c170cfd377aa16bb4368f093017dddef3f9
  subpackages:
  - records
  - requests
  - requests/errors
  - tokens
  - zones
- name: github.com/go-ini/ini
  version: 2ba15ac2dc9cdf88c110ec2dc0ced7fa45f5678c
- name: github.com/golang/protobuf
  version: 888eb0692c857ec880338addf316bd662d5e630e
  subpackages:
  - proto
- name: github.com/JamesClonk/vultr
  version: d773bbc4323342d46a9fb4839669287250975b77
  subpackages:
  - lib
- name: github.com/jmespath/go-jmespath
  version: bd40a432e4c76585ef6b72d3fd96fb9b6dc7b68d
- name: github.com/juju/ratelimit
  version: 77ed1c8a01217656d2080ad51981f6e99adaa177
- name: github.com/kelseyhightower/envconfig
  version: 5c008110b20b657eb7e005b83d0a5f6aa6bb5f4b
- name: github.com/miekg/dns
  version: 4744e915eb51a9defb5fb13c24ce2c8408d2fd98
- name: github.com/ovh/go-ovh
  version: 99a1e00db4397517d87ab82c92b9d8cb60e5940b
  subpackages:
  - ovh
- name: github.com/pyr/egoscale
  version: ab4b0d7ff424c462da486aef27f354cdeb29a319
  subpackages:
  - src/egoscale
- name: github.com/Sirupsen/logrus
  version: 3ec0642a7fb6488f65b06f9040adc67e3990296a
- name: github.com/timewasted/linode
  version: 37e84520dcf74488f67654f9c775b9752c232dc1
  subpackages:
  - dns
- name: github.com/weppos/dnsimple-go
  version: 65c1ca73cb19baf0f8b2b33219b7f57595a3ccb0
  subpackages:
  - dnsimple
- name: github.com/xenolf/lego
  version: 96a24777ffb3c6a25f6bb0b3a7997969c1fcde4b
  subpackages:
  - acme
- name: golang.org/x/crypto
  version: 84e98f45760e87786b7f24603b8166a6fa09811d
  subpackages:
  - ocsp
- name: golang.org/x/net
  version: e90d6d0afc4c315a0d87a568ae68577cc15149a0
  subpackages:
  - context
  - context/ctxhttp
  - publicsuffix
- name: golang.org/x/oauth2
  version: 3c3a985cb79f52a3190fbc056984415ca6763d01
  subpackages:
  - google
  - internal
  - jws
  - jwt
- name: golang.org/x/sys
  version: 9bb9f0998d48b31547d975974935ae9b48c7a03c
  subpackages:
  - unix
- name: google.golang.org/api
  version: 80a862db7ac7755c3d6584e3791d1916363acbfc
  subpackages:
  - dns/v1
  - gensupport
  - googleapi
  - googleapi/internal/uritemplates
- name: google.golang.org/appengine
  version: 4f7eeb5305a4ba1966344836ba4af9996b7b4e05
  subpackages:
  - internal
  - internal/app_identity
  - internal/base
  - internal/datastore
  - internal/log
  - internal/modules
  - internal/remote_api
  - internal/urlfetch
  - urlfetch
- name: gopkg.in/ini.v1
  version: 6e4869b434bd001f6983749881c7ead3545887d8
- name: gopkg.in/square/go-jose.v1
  version: aa2e30fdd1fe9dd3394119af66451ae790d50e0d
  subpackages:
  - cipher
  - json
testImports:
- name: github.com/davecgh/go-spew
  version: 6d212800a42e8ab5c146b8ace3490ee17e5225f9
  subpackages:
  - spew
- name: github.com/pmezard/go-difflib
  version: d8ed2627bdf02c080bf22230dbb337003b7aba2d
  subpackages:
  - difflib
- name: github.com/stretchr/testify
  version: 69483b4bd14f5845b5a1e55bca19e954e827f1d0
  subpackages:
  - assert
  - require
